
Microsoft Visual Studio Solution File, Format Version 12.00
# Visual Studio Version 17
VisualStudioVersion = 17.11.35303.130
MinimumVisualStudioVersion = 10.0.40219.1
Project("{FAE04EC0-301F-11D3-BF4B-00C04F79EFBC}") = "RealEsatateLogger", "RealEsatateLogger\RealEsatateLogger.csproj", "{86C22007-320F-4796-A21A-5897BBEC7AD1}"
EndProject
Global
	GlobalSection(SolutionConfigurationPlatforms) = preSolution
		Debug|Any CPU = Debug|Any CPU
		Release|Any CPU = Release|Any CPU
	EndGlobalSection
	GlobalSection(ProjectConfigurationPlatforms) = postSolution
		{86C22007-320F-4796-A21A-5897BBEC7AD1}.Debug|Any CPU.ActiveCfg = Debug|Any CPU
		{86C22007-320F-4796-A21A-5897BBEC7AD1}.Debug|Any CPU.Build.0 = Debug|Any CPU
		{86C22007-320F-4796-A21A-5897BBEC7AD1}.Release|Any CPU.ActiveCfg = Release|Any CPU
		{86C22007-320F-4796-A21A-5897BBEC7AD1}.Release|Any CPU.Build.0 = Release|Any CPU
	EndGlobalSection
	GlobalSection(SolutionProperties) = preSolution
		HideSolutionNode = FALSE
	EndGlobalSection
	GlobalSection(ExtensibilityGlobals) = postSolution
		SolutionGuid = {7FC4A752-FDE2-4302-9D99-8E607B930AB4}
	EndGlobalSection
EndGlobal
